
Microsoft Visual Studio Solution File, Format Version 12.00
# Visual Studio Version 17
VisualStudioVersion = 17.6.33801.468
MinimumVisualStudioVersion = 10.0.40219.1
Project("{9A19103F-16F7-4668-BE54-9A1E7A4F7556}") = "PCBuilderApp", "ConfigurationPCApp\PCBuilderApp.csproj", "{C55CCA18-AC18-455D-B0BC-DD9AC2311CB5}"
EndProject
Project("{9A19103F-16F7-4668-BE54-9A1E7A4F7556}") = "Test", "Test\Test.csproj", "{A5CBD01B-DB67-42F4-BFBC-5A1488854BA7}"
EndProject
Global
	GlobalSection(SolutionConfigurationPlatforms) = preSolution
		Debug|Any CPU = Debug|Any CPU
		Release|Any CPU = Release|Any CPU
	EndGlobalSection
	GlobalSection(ProjectConfigurationPlatforms) = postSolution
		{C55CCA18-AC18-455D-B0BC-DD9AC2311CB5}.Debug|Any CPU.ActiveCfg = Debug|Any CPU
		{C55CCA18-AC18-455D-B0BC-DD9AC2311CB5}.Debug|Any CPU.Build.0 = Debug|Any CPU
		{C55CCA18-AC18-455D-B0BC-DD9AC2311CB5}.Release|Any CPU.ActiveCfg = Release|Any CPU
		{C55CCA18-AC18-455D-B0BC-DD9AC2311CB5}.Release|Any CPU.Build.0 = Release|Any CPU
		{A5CBD01B-DB67-42F4-BFBC-5A1488854BA7}.Debug|Any CPU.ActiveCfg = Debug|Any CPU
		{A5CBD01B-DB67-42F4-BFBC-5A1488854BA7}.Debug|Any CPU.Build.0 = Debug|Any CPU
		{A5CBD01B-DB67-42F4-BFBC-5A1488854BA7}.Release|Any CPU.ActiveCfg = Release|Any CPU
		{A5CBD01B-DB67-42F4-BFBC-5A1488854BA7}.Release|Any CPU.Build.0 = Release|Any CPU
	EndGlobalSection
	GlobalSection(SolutionProperties) = preSolution
		HideSolutionNode = FALSE
	EndGlobalSection
	GlobalSection(ExtensibilityGlobals) = postSolution
		SolutionGuid = {B8D78CC8-C009-457E-9AEB-6190EAB6B9C0}
	EndGlobalSection
EndGlobal
